
Microsoft Visual Studio Solution File, Format Version 12.00
# Visual Studio Version 16
VisualStudioVersion = 16.0.29215.179
MinimumVisualStudioVersion = 10.0.40219.1
Project("{FAE04EC0-301F-11D3-BF4B-00C04F79EFBC}") = "ConsoleApp3", "ConsoleApp3.csproj", "{04644453-D783-436E-B037-72AE06F0912B}"
EndProject
Global
	GlobalSection(SolutionConfigurationPlatforms) = preSolution
		Debug|Any CPU = Debug|Any CPU
		Release|Any CPU = Release|Any CPU
	EndGlobalSection
	GlobalSection(ProjectConfigurationPlatforms) = postSolution
		{04644453-D783-436E-B037-72AE06F0912B}.Debug|Any CPU.ActiveCfg = Debug|Any CPU
		{04644453-D783-436E-B037-72AE06F0912B}.Debug|Any CPU.Build.0 = Debug|Any CPU
		{04644453-D783-436E-B037-72AE06F0912B}.Release|Any CPU.ActiveCfg = Release|Any CPU
		{04644453-D783-436E-B037-72AE06F0912B}.Release|Any CPU.Build.0 = Release|Any CPU
	EndGlobalSection
	GlobalSection(SolutionProperties) = preSolution
		HideSolutionNode = FALSE
	EndGlobalSection
	GlobalSection(ExtensibilityGlobals) = postSolution
		SolutionGuid = {88380062-FF93-4402-9EF1-CAEECC94FBC6}
	EndGlobalSection
EndGlobal
